# THIS IS AN AUTOGENERATED FILE. DO NOT EDIT THIS FILE DIRECTLY.
# yarn lockfile v1


"@types/estree@0.0.39":
  version "0.0.39"
  resolved "https://registry.yarnpkg.com/@types/estree/-/estree-0.0.39.tgz#e177e699ee1b8c22d23174caaa7422644389509f"

"@types/node@^11.13.5":
  version "11.13.6"
  resolved "https://registry.yarnpkg.com/@types/node/-/node-11.13.6.tgz#37ec75690830acb0d74ce3c6c43caab787081e85"

acorn@^6.1.1:
  version "6.1.1"
  resolved "https://registry.yarnpkg.com/acorn/-/acorn-6.1.1.tgz#7d25ae05bb8ad1f9b699108e1094ecd7884adc1f"

preact@^8.4.2:
  version "8.4.2"
  resolved "https://registry.yarnpkg.com/preact/-/preact-8.4.2.tgz#1263b974a17d1ea80b66590e41ef786ced5d6a23"

rollup@^1.10.1:
  version "1.10.1"
  resolved "https://registry.yarnpkg.com/rollup/-/rollup-1.10.1.tgz#aeb763bbe98f707dc6496708db88372fa66687e7"
  dependencies:
    "@types/estree" "0.0.39"
    "@types/node" "^11.13.5"
    acorn "^6.1.1"
