version = 1
revision = 1
requires-python = ">=3.13"

[[package]]
name = "build-items"
version = "0.1.0"
source = { virtual = "." }
dependencies = [
    { name = "jq" },
]

[package.metadata]
requires-dist = [{ name = "jq", specifier = ">=1.8.0" }]

[[package]]
name = "jq"
version = "1.8.0"
source = { registry = "https://pypi.org/simple" }
sdist = { url = "https://files.pythonhosted.org/packages/ba/32/3eaca3ac81c804d6849da2e9f536ac200f4ad46a696890854c1f73b2f749/jq-1.8.0.tar.gz", hash = "sha256:53141eebca4bf8b4f2da5e44271a8a3694220dfd22d2b4b2cfb4816b2b6c9057", size = 2058265 }
wheels = [
    { url = "https://files.pythonhosted.org/packages/9c/25/c73afa16aedee3ae87b2e8ffb2d12bdb9c7a34a8c9ab5038318cb0b431fe/jq-1.8.0-cp313-cp313-macosx_10_13_x86_64.whl", hash = "sha256:76aea6161c4d975230e85735c0214c386e66035e96cfc4fd69159e87f46c09d4", size = 415000 },
    { url = "https://files.pythonhosted.org/packages/06/97/d09338697ea0eb7386a3df0c6ca2a77ab090c19420a85acdc6f36971c6b8/jq-1.8.0-cp313-cp313-macosx_11_0_arm64.whl", hash = "sha256:0c24a5f9e3807e277e19f305c8bcd0665b8b89251b053903f611969657680722", size = 421253 },
    { url = "https://files.pythonhosted.org/packages/b8/c3/d020c19eca167b5085e74d2277bc3d9e35d1b4ee5bcb9076f1e26882514d/jq-1.8.0-cp313-cp313-manylinux_2_17_aarch64.manylinux2014_aarch64.whl", hash = "sha256:eb484525dd801583ebd695d02f9165445a4d1b2fb560b187e6fc654911f0600e", size = 725885 },
    { url = "https://files.pythonhosted.org/packages/78/b8/8f6b886856f52f3277663d2d7a199663c6ede589dd0714aac9491b82ba6e/jq-1.8.0-cp313-cp313-manylinux_2_17_x86_64.manylinux2014_x86_64.whl", hash = "sha256:ddd9abdf0c1b30be1bf853d8c52187c96a51b2cbc05f40c43a37bf6a9b956807", size = 746334 },
    { url = "https://files.pythonhosted.org/packages/76/c2/2fa34e480068863ab372ec91c59b10214e9f8f3ae8b6e2de61456e93bae1/jq-1.8.0-cp313-cp313-manylinux_2_5_i686.manylinux1_i686.manylinux_2_17_i686.manylinux2014_i686.whl", hash = "sha256:2c7464d9b88c74a7119b53f4bbf88028d07a9de9a1a279e45209b763b89d6582", size = 733716 },
    { url = "https://files.pythonhosted.org/packages/2e/db/59cb84ec59247af7f7bedd2b5c88b3a4ca17253fd2cc0d40f08573f7ff72/jq-1.8.0-cp313-cp313-musllinux_1_2_aarch64.whl", hash = "sha256:b99761e8ec2cedb9906df4ceae33f467a377621019ef40a9a275689ac3577456", size = 720978 },
    { url = "https://files.pythonhosted.org/packages/e0/6f/d04bdcc037ced716e2522ebf7a677541b8654d7855cd1404d894f1ecd144/jq-1.8.0-cp313-cp313-musllinux_1_2_i686.whl", hash = "sha256:1be1638f9d5f38c83440fb9626d8f78905ed5d70e926e3a664d3de1198e1ef79", size = 746431 },
    { url = "https://files.pythonhosted.org/packages/84/52/f100fb2ccd467c17a2ecc186334aa7b512e49ca1a678ecc53dd4defd6e22/jq-1.8.0-cp313-cp313-musllinux_1_2_x86_64.whl", hash = "sha256:2d7e82d58bf3afe373afb3a01f866e473bbd34f38377a2f216c6222ec028eeea", size = 750404 },
    { url = "https://files.pythonhosted.org/packages/86/b4/e2459542207238d86727cf81af321ee4920497757092facf347726d64965/jq-1.8.0-cp313-cp313-win32.whl", hash = "sha256:96cb0bb35d55b19b910b12aba3d72e333ad6348a703494c7738cc4664e4410f0", size = 405691 },
    { url = "https://files.pythonhosted.org/packages/ce/4d/6e1230f96052d578439eee4ea28069728f3ad4027de127a93b8c6da142f0/jq-1.8.0-cp313-cp313-win_amd64.whl", hash = "sha256:53e60a87657efc365a5d9ccfea2b536cddc1ffab190e823f8645ad933b272d51", size = 417930 },
]
